
Microsoft Visual Studio Solution File, Format Version 12.00
# Visual Studio 2013
VisualStudioVersion = 12.0.30110.0
MinimumVisualStudioVersion = 10.0.40219.1
Project("{FAE04EC0-301F-11D3-BF4B-00C04F79EFBC}") = "FileSyncTool", "FileSyncTool\FileSyncTool.csproj", "{81F87DBD-2019-4B37-AA7B-81CC0B824A9D}"
EndProject
Project("{FAE04EC0-301F-11D3-BF4B-00C04F79EFBC}") = "WindowsExplorer", "ExplorerTreeSource\Explorer Tree\WindowsExplorer.csproj", "{0851BAC5-A29F-4C64-A7BC-A7233E12982E}"
EndProject
Project("{FAE04EC0-301F-11D3-BF4B-00C04F79EFBC}") = "Common", "Common\Common.csproj", "{CF22C6D6-D787-4651-9A56-75E8F0A1FF37}"
EndProject
Project("{2150E333-8FDC-42A3-9474-1A3956D46DE8}") = "DLL", "DLL", "{CB1BA422-DF58-4A17-9961-CE7C40430F8F}"
EndProject
Project("{2150E333-8FDC-42A3-9474-1A3956D46DE8}") = "SQLite", "SQLite", "{2A7FE7EC-F24A-4EED-8724-8EB6C7BC51AB}"
	ProjectSection(SolutionItems) = preProject
		DLL\System.Data.SQLite.dll.config = DLL\System.Data.SQLite.dll.config
	EndProjectSection
EndProject
Project("{2150E333-8FDC-42A3-9474-1A3956D46DE8}") = "64Bit", "64Bit", "{B6DFBC42-FCCA-480D-9B0A-3CC6AAB386B1}"
	ProjectSection(SolutionItems) = preProject
		DLL\64Bit\SQLite.Designer.dll = DLL\64Bit\SQLite.Designer.dll
		DLL\64Bit\System.Data.SQLite.dll = DLL\64Bit\System.Data.SQLite.dll
		DLL\64Bit\System.Data.SQLite.EF6.dll = DLL\64Bit\System.Data.SQLite.EF6.dll
		DLL\64Bit\System.Data.SQLite.Linq.dll = DLL\64Bit\System.Data.SQLite.Linq.dll
	EndProjectSection
EndProject
Project("{2150E333-8FDC-42A3-9474-1A3956D46DE8}") = "32Bit", "32Bit", "{FF2B04FE-A082-4419-BDC6-76788E7DD732}"
	ProjectSection(SolutionItems) = preProject
		DLL\32Bit\SQLite.Designer.dll = DLL\32Bit\SQLite.Designer.dll
		DLL\32Bit\System.Data.SQLite.dll = DLL\32Bit\System.Data.SQLite.dll
		DLL\32Bit\System.Data.SQLite.EF6.dll = DLL\32Bit\System.Data.SQLite.EF6.dll
		DLL\32Bit\System.Data.SQLite.Linq.dll = DLL\32Bit\System.Data.SQLite.Linq.dll
	EndProjectSection
EndProject
Project("{FAE04EC0-301F-11D3-BF4B-00C04F79EFBC}") = "SyncMobile2", "SyncMobile2\SyncMobile2.csproj", "{E46EDD58-F43D-4C69-9C34-7A33BB7291A0}"
EndProject
Project("{FAE04EC0-301F-11D3-BF4B-00C04F79EFBC}") = "DataAdapter", "..\Core\Adapter\DataAdapter.csproj", "{BE4C1252-68E1-4380-A744-37A9EC055F4B}"
EndProject
Project("{FAE04EC0-301F-11D3-BF4B-00C04F79EFBC}") = "MediaSyncService", "MediaSyncService\MediaSyncService.csproj", "{87BD8D2A-BC4A-40E1-991E-AB258567A6B9}"
EndProject
Global
	GlobalSection(SolutionConfigurationPlatforms) = preSolution
		CD_ROM|Any CPU = CD_ROM|Any CPU
		CD_ROM|Mixed Platforms = CD_ROM|Mixed Platforms
		CD_ROM|x64 = CD_ROM|x64
		CD_ROM|x86 = CD_ROM|x86
		Debug|Any CPU = Debug|Any CPU
		Debug|Mixed Platforms = Debug|Mixed Platforms
		Debug|x64 = Debug|x64
		Debug|x86 = Debug|x86
		DVD-5|Any CPU = DVD-5|Any CPU
		DVD-5|Mixed Platforms = DVD-5|Mixed Platforms
		DVD-5|x64 = DVD-5|x64
		DVD-5|x86 = DVD-5|x86
		Release|Any CPU = Release|Any CPU
		Release|Mixed Platforms = Release|Mixed Platforms
		Release|x64 = Release|x64
		Release|x86 = Release|x86
		SingleImage|Any CPU = SingleImage|Any CPU
		SingleImage|Mixed Platforms = SingleImage|Mixed Platforms
		SingleImage|x64 = SingleImage|x64
		SingleImage|x86 = SingleImage|x86
	EndGlobalSection
	GlobalSection(ProjectConfigurationPlatforms) = postSolution
		{81F87DBD-2019-4B37-AA7B-81CC0B824A9D}.CD_ROM|Any CPU.ActiveCfg = Release|x86
		{81F87DBD-2019-4B37-AA7B-81CC0B824A9D}.CD_ROM|Mixed Platforms.ActiveCfg = Release|x86
		{81F87DBD-2019-4B37-AA7B-81CC0B824A9D}.CD_ROM|Mixed Platforms.Build.0 = Release|x86
		{81F87DBD-2019-4B37-AA7B-81CC0B824A9D}.CD_ROM|x64.ActiveCfg = Release|x86
		{81F87DBD-2019-4B37-AA7B-81CC0B824A9D}.CD_ROM|x86.ActiveCfg = Release|x86
		{81F87DBD-2019-4B37-AA7B-81CC0B824A9D}.CD_ROM|x86.Build.0 = Release|x86
		{81F87DBD-2019-4B37-AA7B-81CC0B824A9D}.Debug|Any CPU.ActiveCfg = Debug|Any CPU
		{81F87DBD-2019-4B37-AA7B-81CC0B824A9D}.Debug|Any CPU.Build.0 = Debug|Any CPU
		{81F87DBD-2019-4B37-AA7B-81CC0B824A9D}.Debug|Mixed Platforms.ActiveCfg = Debug|x86
		{81F87DBD-2019-4B37-AA7B-81CC0B824A9D}.Debug|Mixed Platforms.Build.0 = Debug|x86
		{81F87DBD-2019-4B37-AA7B-81CC0B824A9D}.Debug|x64.ActiveCfg = Debug|x64
		{81F87DBD-2019-4B37-AA7B-81CC0B824A9D}.Debug|x64.Build.0 = Debug|x64
		{81F87DBD-2019-4B37-AA7B-81CC0B824A9D}.Debug|x86.ActiveCfg = Debug|x86
		{81F87DBD-2019-4B37-AA7B-81CC0B824A9D}.Debug|x86.Build.0 = Debug|x86
		{81F87DBD-2019-4B37-AA7B-81CC0B824A9D}.DVD-5|Any CPU.ActiveCfg = Debug|x86
		{81F87DBD-2019-4B37-AA7B-81CC0B824A9D}.DVD-5|Mixed Platforms.ActiveCfg = Debug|x86
		{81F87DBD-2019-4B37-AA7B-81CC0B824A9D}.DVD-5|Mixed Platforms.Build.0 = Debug|x86
		{81F87DBD-2019-4B37-AA7B-81CC0B824A9D}.DVD-5|x64.ActiveCfg = Debug|x86
		{81F87DBD-2019-4B37-AA7B-81CC0B824A9D}.DVD-5|x86.ActiveCfg = Debug|x86
		{81F87DBD-2019-4B37-AA7B-81CC0B824A9D}.DVD-5|x86.Build.0 = Debug|x86
		{81F87DBD-2019-4B37-AA7B-81CC0B824A9D}.Release|Any CPU.ActiveCfg = Release|Any CPU
		{81F87DBD-2019-4B37-AA7B-81CC0B824A9D}.Release|Any CPU.Build.0 = Release|Any CPU
		{81F87DBD-2019-4B37-AA7B-81CC0B824A9D}.Release|Mixed Platforms.ActiveCfg = Release|x86
		{81F87DBD-2019-4B37-AA7B-81CC0B824A9D}.Release|Mixed Platforms.Build.0 = Release|x86
		{81F87DBD-2019-4B37-AA7B-81CC0B824A9D}.Release|x64.ActiveCfg = Release|Any CPU
		{81F87DBD-2019-4B37-AA7B-81CC0B824A9D}.Release|x64.Build.0 = Release|Any CPU
		{81F87DBD-2019-4B37-AA7B-81CC0B824A9D}.Release|x86.ActiveCfg = Release|x86
		{81F87DBD-2019-4B37-AA7B-81CC0B824A9D}.Release|x86.Build.0 = Release|x86
		{81F87DBD-2019-4B37-AA7B-81CC0B824A9D}.SingleImage|Any CPU.ActiveCfg = Release|x86
		{81F87DBD-2019-4B37-AA7B-81CC0B824A9D}.SingleImage|Mixed Platforms.ActiveCfg = Release|x86
		{81F87DBD-2019-4B37-AA7B-81CC0B824A9D}.SingleImage|Mixed Platforms.Build.0 = Release|x86
		{81F87DBD-2019-4B37-AA7B-81CC0B824A9D}.SingleImage|x64.ActiveCfg = Release|x86
		{81F87DBD-2019-4B37-AA7B-81CC0B824A9D}.SingleImage|x86.ActiveCfg = Release|x86
		{81F87DBD-2019-4B37-AA7B-81CC0B824A9D}.SingleImage|x86.Build.0 = Release|x86
		{0851BAC5-A29F-4C64-A7BC-A7233E12982E}.CD_ROM|Any CPU.ActiveCfg = Release|Any CPU
		{0851BAC5-A29F-4C64-A7BC-A7233E12982E}.CD_ROM|Any CPU.Build.0 = Release|Any CPU
		{0851BAC5-A29F-4C64-A7BC-A7233E12982E}.CD_ROM|Mixed Platforms.ActiveCfg = Release|Any CPU
		{0851BAC5-A29F-4C64-A7BC-A7233E12982E}.CD_ROM|Mixed Platforms.Build.0 = Release|Any CPU
		{0851BAC5-A29F-4C64-A7BC-A7233E12982E}.CD_ROM|x64.ActiveCfg = Release|Any CPU
		{0851BAC5-A29F-4C64-A7BC-A7233E12982E}.CD_ROM|x64.Build.0 = Release|Any CPU
		{0851BAC5-A29F-4C64-A7BC-A7233E12982E}.CD_ROM|x86.ActiveCfg = Release|Any CPU
		{0851BAC5-A29F-4C64-A7BC-A7233E12982E}.Debug|Any CPU.ActiveCfg = Debug|Any CPU
		{0851BAC5-A29F-4C64-A7BC-A7233E12982E}.Debug|Mixed Platforms.ActiveCfg = Debug|Any CPU
		{0851BAC5-A29F-4C64-A7BC-A7233E12982E}.Debug|Mixed Platforms.Build.0 = Debug|Any CPU
		{0851BAC5-A29F-4C64-A7BC-A7233E12982E}.Debug|x64.ActiveCfg = Debug|x64
		{0851BAC5-A29F-4C64-A7BC-A7233E12982E}.Debug|x64.Build.0 = Debug|x64
		{0851BAC5-A29F-4C64-A7BC-A7233E12982E}.Debug|x86.ActiveCfg = Debug|x86
		{0851BAC5-A29F-4C64-A7BC-A7233E12982E}.Debug|x86.Build.0 = Debug|x86
		{0851BAC5-A29F-4C64-A7BC-A7233E12982E}.DVD-5|Any CPU.ActiveCfg = Debug|Any CPU
		{0851BAC5-A29F-4C64-A7BC-A7233E12982E}.DVD-5|Any CPU.Build.0 = Debug|Any CPU
		{0851BAC5-A29F-4C64-A7BC-A7233E12982E}.DVD-5|Mixed Platforms.ActiveCfg = Debug|Any CPU
		{0851BAC5-A29F-4C64-A7BC-A7233E12982E}.DVD-5|Mixed Platforms.Build.0 = Debug|Any CPU
		{0851BAC5-A29F-4C64-A7BC-A7233E12982E}.DVD-5|x64.ActiveCfg = Debug|Any CPU
		{0851BAC5-A29F-4C64-A7BC-A7233E12982E}.DVD-5|x64.Build.0 = Debug|Any CPU
		{0851BAC5-A29F-4C64-A7BC-A7233E12982E}.DVD-5|x86.ActiveCfg = Debug|Any CPU
		{0851BAC5-A29F-4C64-A7BC-A7233E12982E}.Release|Any CPU.ActiveCfg = Release|Any CPU
		{0851BAC5-A29F-4C64-A7BC-A7233E12982E}.Release|Any CPU.Build.0 = Release|Any CPU
		{0851BAC5-A29F-4C64-A7BC-A7233E12982E}.Release|Mixed Platforms.ActiveCfg = Release|Any CPU
		{0851BAC5-A29F-4C64-A7BC-A7233E12982E}.Release|Mixed Platforms.Build.0 = Release|Any CPU
		{0851BAC5-A29F-4C64-A7BC-A7233E12982E}.Release|x64.ActiveCfg = Release|Any CPU
		{0851BAC5-A29F-4C64-A7BC-A7233E12982E}.Release|x64.Build.0 = Release|Any CPU
		{0851BAC5-A29F-4C64-A7BC-A7233E12982E}.Release|x86.ActiveCfg = Release|x86
		{0851BAC5-A29F-4C64-A7BC-A7233E12982E}.Release|x86.Build.0 = Release|x86
		{0851BAC5-A29F-4C64-A7BC-A7233E12982E}.SingleImage|Any CPU.ActiveCfg = Release|Any CPU
		{0851BAC5-A29F-4C64-A7BC-A7233E12982E}.SingleImage|Any CPU.Build.0 = Release|Any CPU
		{0851BAC5-A29F-4C64-A7BC-A7233E12982E}.SingleImage|Mixed Platforms.ActiveCfg = Release|Any CPU
		{0851BAC5-A29F-4C64-A7BC-A7233E12982E}.SingleImage|Mixed Platforms.Build.0 = Release|Any CPU
		{0851BAC5-A29F-4C64-A7BC-A7233E12982E}.SingleImage|x64.ActiveCfg = Release|Any CPU
		{0851BAC5-A29F-4C64-A7BC-A7233E12982E}.SingleImage|x64.Build.0 = Release|Any CPU
		{0851BAC5-A29F-4C64-A7BC-A7233E12982E}.SingleImage|x86.ActiveCfg = Release|Any CPU
		{CF22C6D6-D787-4651-9A56-75E8F0A1FF37}.CD_ROM|Any CPU.ActiveCfg = Release|Any CPU
		{CF22C6D6-D787-4651-9A56-75E8F0A1FF37}.CD_ROM|Any CPU.Build.0 = Release|Any CPU
		{CF22C6D6-D787-4651-9A56-75E8F0A1FF37}.CD_ROM|Mixed Platforms.ActiveCfg = Release|Any CPU
		{CF22C6D6-D787-4651-9A56-75E8F0A1FF37}.CD_ROM|Mixed Platforms.Build.0 = Release|Any CPU
		{CF22C6D6-D787-4651-9A56-75E8F0A1FF37}.CD_ROM|x64.ActiveCfg = Release|Any CPU
		{CF22C6D6-D787-4651-9A56-75E8F0A1FF37}.CD_ROM|x64.Build.0 = Release|Any CPU
		{CF22C6D6-D787-4651-9A56-75E8F0A1FF37}.CD_ROM|x86.ActiveCfg = Release|Any CPU
		{CF22C6D6-D787-4651-9A56-75E8F0A1FF37}.Debug|Any CPU.ActiveCfg = Debug|Any CPU
		{CF22C6D6-D787-4651-9A56-75E8F0A1FF37}.Debug|Any CPU.Build.0 = Debug|Any CPU
		{CF22C6D6-D787-4651-9A56-75E8F0A1FF37}.Debug|Mixed Platforms.ActiveCfg = Debug|Any CPU
		{CF22C6D6-D787-4651-9A56-75E8F0A1FF37}.Debug|Mixed Platforms.Build.0 = Debug|Any CPU
		{CF22C6D6-D787-4651-9A56-75E8F0A1FF37}.Debug|x64.ActiveCfg = Debug|x64
		{CF22C6D6-D787-4651-9A56-75E8F0A1FF37}.Debug|x64.Build.0 = Debug|x64
		{CF22C6D6-D787-4651-9A56-75E8F0A1FF37}.Debug|x86.ActiveCfg = Debug|x86
		{CF22C6D6-D787-4651-9A56-75E8F0A1FF37}.Debug|x86.Build.0 = Debug|x86
		{CF22C6D6-D787-4651-9A56-75E8F0A1FF37}.DVD-5|Any CPU.ActiveCfg = Debug|Any CPU
		{CF22C6D6-D787-4651-9A56-75E8F0A1FF37}.DVD-5|Any CPU.Build.0 = Debug|Any CPU
		{CF22C6D6-D787-4651-9A56-75E8F0A1FF37}.DVD-5|Mixed Platforms.ActiveCfg = Debug|Any CPU
		{CF22C6D6-D787-4651-9A56-75E8F0A1FF37}.DVD-5|Mixed Platforms.Build.0 = Debug|Any CPU
		{CF22C6D6-D787-4651-9A56-75E8F0A1FF37}.DVD-5|x64.ActiveCfg = Debug|Any CPU
		{CF22C6D6-D787-4651-9A56-75E8F0A1FF37}.DVD-5|x64.Build.0 = Debug|Any CPU
		{CF22C6D6-D787-4651-9A56-75E8F0A1FF37}.DVD-5|x86.ActiveCfg = Debug|Any CPU
		{CF22C6D6-D787-4651-9A56-75E8F0A1FF37}.Release|Any CPU.ActiveCfg = Release|Any CPU
		{CF22C6D6-D787-4651-9A56-75E8F0A1FF37}.Release|Any CPU.Build.0 = Release|Any CPU
		{CF22C6D6-D787-4651-9A56-75E8F0A1FF37}.Release|Mixed Platforms.ActiveCfg = Release|Any CPU
		{CF22C6D6-D787-4651-9A56-75E8F0A1FF37}.Release|Mixed Platforms.Build.0 = Release|Any CPU
		{CF22C6D6-D787-4651-9A56-75E8F0A1FF37}.Release|x64.ActiveCfg = Release|Any CPU
		{CF22C6D6-D787-4651-9A56-75E8F0A1FF37}.Release|x64.Build.0 = Release|Any CPU
		{CF22C6D6-D787-4651-9A56-75E8F0A1FF37}.Release|x86.ActiveCfg = Release|x86
		{CF22C6D6-D787-4651-9A56-75E8F0A1FF37}.Release|x86.Build.0 = Release|x86
		{CF22C6D6-D787-4651-9A56-75E8F0A1FF37}.SingleImage|Any CPU.ActiveCfg = Release|Any CPU
		{CF22C6D6-D787-4651-9A56-75E8F0A1FF37}.SingleImage|Any CPU.Build.0 = Release|Any CPU
		{CF22C6D6-D787-4651-9A56-75E8F0A1FF37}.SingleImage|Mixed Platforms.ActiveCfg = Release|Any CPU
		{CF22C6D6-D787-4651-9A56-75E8F0A1FF37}.SingleImage|Mixed Platforms.Build.0 = Release|Any CPU
		{CF22C6D6-D787-4651-9A56-75E8F0A1FF37}.SingleImage|x64.ActiveCfg = Release|Any CPU
		{CF22C6D6-D787-4651-9A56-75E8F0A1FF37}.SingleImage|x64.Build.0 = Release|Any CPU
		{CF22C6D6-D787-4651-9A56-75E8F0A1FF37}.SingleImage|x86.ActiveCfg = Release|Any CPU
		{E46EDD58-F43D-4C69-9C34-7A33BB7291A0}.CD_ROM|Any CPU.ActiveCfg = Release|Any CPU
		{E46EDD58-F43D-4C69-9C34-7A33BB7291A0}.CD_ROM|Any CPU.Build.0 = Release|Any CPU
		{E46EDD58-F43D-4C69-9C34-7A33BB7291A0}.CD_ROM|Mixed Platforms.ActiveCfg = Release|Any CPU
		{E46EDD58-F43D-4C69-9C34-7A33BB7291A0}.CD_ROM|Mixed Platforms.Build.0 = Release|Any CPU
		{E46EDD58-F43D-4C69-9C34-7A33BB7291A0}.CD_ROM|x64.ActiveCfg = Release|Any CPU
		{E46EDD58-F43D-4C69-9C34-7A33BB7291A0}.CD_ROM|x86.ActiveCfg = Release|Any CPU
		{E46EDD58-F43D-4C69-9C34-7A33BB7291A0}.Debug|Any CPU.ActiveCfg = Debug|Any CPU
		{E46EDD58-F43D-4C69-9C34-7A33BB7291A0}.Debug|Any CPU.Build.0 = Debug|Any CPU
		{E46EDD58-F43D-4C69-9C34-7A33BB7291A0}.Debug|Mixed Platforms.ActiveCfg = Debug|Any CPU
		{E46EDD58-F43D-4C69-9C34-7A33BB7291A0}.Debug|Mixed Platforms.Build.0 = Debug|Any CPU
		{E46EDD58-F43D-4C69-9C34-7A33BB7291A0}.Debug|x64.ActiveCfg = Debug|Any CPU
		{E46EDD58-F43D-4C69-9C34-7A33BB7291A0}.Debug|x86.ActiveCfg = Debug|x86
		{E46EDD58-F43D-4C69-9C34-7A33BB7291A0}.Debug|x86.Build.0 = Debug|x86
		{E46EDD58-F43D-4C69-9C34-7A33BB7291A0}.DVD-5|Any CPU.ActiveCfg = Debug|Any CPU
		{E46EDD58-F43D-4C69-9C34-7A33BB7291A0}.DVD-5|Any CPU.Build.0 = Debug|Any CPU
		{E46EDD58-F43D-4C69-9C34-7A33BB7291A0}.DVD-5|Mixed Platforms.ActiveCfg = Debug|Any CPU
		{E46EDD58-F43D-4C69-9C34-7A33BB7291A0}.DVD-5|Mixed Platforms.Build.0 = Debug|Any CPU
		{E46EDD58-F43D-4C69-9C34-7A33BB7291A0}.DVD-5|x64.ActiveCfg = Debug|Any CPU
		{E46EDD58-F43D-4C69-9C34-7A33BB7291A0}.DVD-5|x86.ActiveCfg = Debug|Any CPU
		{E46EDD58-F43D-4C69-9C34-7A33BB7291A0}.Release|Any CPU.ActiveCfg = Release|Any CPU
		{E46EDD58-F43D-4C69-9C34-7A33BB7291A0}.Release|Any CPU.Build.0 = Release|Any CPU
		{E46EDD58-F43D-4C69-9C34-7A33BB7291A0}.Release|Mixed Platforms.ActiveCfg = Release|Any CPU
		{E46EDD58-F43D-4C69-9C34-7A33BB7291A0}.Release|Mixed Platforms.Build.0 = Release|Any CPU
		{E46EDD58-F43D-4C69-9C34-7A33BB7291A0}.Release|x64.ActiveCfg = Release|Any CPU
		{E46EDD58-F43D-4C69-9C34-7A33BB7291A0}.Release|x86.ActiveCfg = Release|x86
		{E46EDD58-F43D-4C69-9C34-7A33BB7291A0}.Release|x86.Build.0 = Release|x86
		{E46EDD58-F43D-4C69-9C34-7A33BB7291A0}.SingleImage|Any CPU.ActiveCfg = Release|Any CPU
		{E46EDD58-F43D-4C69-9C34-7A33BB7291A0}.SingleImage|Any CPU.Build.0 = Release|Any CPU
		{E46EDD58-F43D-4C69-9C34-7A33BB7291A0}.SingleImage|Mixed Platforms.ActiveCfg = Release|Any CPU
		{E46EDD58-F43D-4C69-9C34-7A33BB7291A0}.SingleImage|Mixed Platforms.Build.0 = Release|Any CPU
		{E46EDD58-F43D-4C69-9C34-7A33BB7291A0}.SingleImage|x64.ActiveCfg = Release|Any CPU
		{E46EDD58-F43D-4C69-9C34-7A33BB7291A0}.SingleImage|x86.ActiveCfg = Release|Any CPU
		{BE4C1252-68E1-4380-A744-37A9EC055F4B}.CD_ROM|Any CPU.ActiveCfg = Release|Any CPU
		{BE4C1252-68E1-4380-A744-37A9EC055F4B}.CD_ROM|Any CPU.Build.0 = Release|Any CPU
		{BE4C1252-68E1-4380-A744-37A9EC055F4B}.CD_ROM|Mixed Platforms.ActiveCfg = Release|Any CPU
		{BE4C1252-68E1-4380-A744-37A9EC055F4B}.CD_ROM|Mixed Platforms.Build.0 = Release|Any CPU
		{BE4C1252-68E1-4380-A744-37A9EC055F4B}.CD_ROM|x64.ActiveCfg = Release|Any CPU
		{BE4C1252-68E1-4380-A744-37A9EC055F4B}.CD_ROM|x86.ActiveCfg = Release|Any CPU
		{BE4C1252-68E1-4380-A744-37A9EC055F4B}.Debug|Any CPU.ActiveCfg = Debug|Any CPU
		{BE4C1252-68E1-4380-A744-37A9EC055F4B}.Debug|Any CPU.Build.0 = Debug|Any CPU
		{BE4C1252-68E1-4380-A744-37A9EC055F4B}.Debug|Mixed Platforms.ActiveCfg = Debug|Any CPU
		{BE4C1252-68E1-4380-A744-37A9EC055F4B}.Debug|Mixed Platforms.Build.0 = Debug|Any CPU
		{BE4C1252-68E1-4380-A744-37A9EC055F4B}.Debug|x64.ActiveCfg = Debug|Any CPU
		{BE4C1252-68E1-4380-A744-37A9EC055F4B}.Debug|x86.ActiveCfg = Debug|x86
		{BE4C1252-68E1-4380-A744-37A9EC055F4B}.Debug|x86.Build.0 = Debug|x86
		{BE4C1252-68E1-4380-A744-37A9EC055F4B}.DVD-5|Any CPU.ActiveCfg = Debug|Any CPU
		{BE4C1252-68E1-4380-A744-37A9EC055F4B}.DVD-5|Any CPU.Build.0 = Debug|Any CPU
		{BE4C1252-68E1-4380-A744-37A9EC055F4B}.DVD-5|Mixed Platforms.ActiveCfg = Debug|Any CPU
		{BE4C1252-68E1-4380-A744-37A9EC055F4B}.DVD-5|Mixed Platforms.Build.0 = Debug|Any CPU
		{BE4C1252-68E1-4380-A744-37A9EC055F4B}.DVD-5|x64.ActiveCfg = Debug|Any CPU
		{BE4C1252-68E1-4380-A744-37A9EC055F4B}.DVD-5|x86.ActiveCfg = Debug|Any CPU
		{BE4C1252-68E1-4380-A744-37A9EC055F4B}.Release|Any CPU.ActiveCfg = Release|Any CPU
		{BE4C1252-68E1-4380-A744-37A9EC055F4B}.Release|Any CPU.Build.0 = Release|Any CPU
		{BE4C1252-68E1-4380-A744-37A9EC055F4B}.Release|Mixed Platforms.ActiveCfg = Release|Any CPU
		{BE4C1252-68E1-4380-A744-37A9EC055F4B}.Release|Mixed Platforms.Build.0 = Release|Any CPU
		{BE4C1252-68E1-4380-A744-37A9EC055F4B}.Release|x64.ActiveCfg = Release|Any CPU
		{BE4C1252-68E1-4380-A744-37A9EC055F4B}.Release|x86.ActiveCfg = Release|Any CPU
		{BE4C1252-68E1-4380-A744-37A9EC055F4B}.SingleImage|Any CPU.ActiveCfg = Release|Any CPU
		{BE4C1252-68E1-4380-A744-37A9EC055F4B}.SingleImage|Any CPU.Build.0 = Release|Any CPU
		{BE4C1252-68E1-4380-A744-37A9EC055F4B}.SingleImage|Mixed Platforms.ActiveCfg = Release|Any CPU
		{BE4C1252-68E1-4380-A744-37A9EC055F4B}.SingleImage|Mixed Platforms.Build.0 = Release|Any CPU
		{BE4C1252-68E1-4380-A744-37A9EC055F4B}.SingleImage|x64.ActiveCfg = Release|Any CPU
		{BE4C1252-68E1-4380-A744-37A9EC055F4B}.SingleImage|x86.ActiveCfg = Release|Any CPU
		{87BD8D2A-BC4A-40E1-991E-AB258567A6B9}.CD_ROM|Any CPU.ActiveCfg = Release|Any CPU
		{87BD8D2A-BC4A-40E1-991E-AB258567A6B9}.CD_ROM|Any CPU.Build.0 = Release|Any CPU
		{87BD8D2A-BC4A-40E1-991E-AB258567A6B9}.CD_ROM|Mixed Platforms.ActiveCfg = Release|Any CPU
		{87BD8D2A-BC4A-40E1-991E-AB258567A6B9}.CD_ROM|Mixed Platforms.Build.0 = Release|Any CPU
		{87BD8D2A-BC4A-40E1-991E-AB258567A6B9}.CD_ROM|x64.ActiveCfg = Release|Any CPU
		{87BD8D2A-BC4A-40E1-991E-AB258567A6B9}.CD_ROM|x86.ActiveCfg = Release|Any CPU
		{87BD8D2A-BC4A-40E1-991E-AB258567A6B9}.Debug|Any CPU.ActiveCfg = Debug|Any CPU
		{87BD8D2A-BC4A-40E1-991E-AB258567A6B9}.Debug|Any CPU.Build.0 = Debug|Any CPU
		{87BD8D2A-BC4A-40E1-991E-AB258567A6B9}.Debug|Mixed Platforms.ActiveCfg = Debug|Any CPU
		{87BD8D2A-BC4A-40E1-991E-AB258567A6B9}.Debug|Mixed Platforms.Build.0 = Debug|Any CPU
		{87BD8D2A-BC4A-40E1-991E-AB258567A6B9}.Debug|x64.ActiveCfg = Debug|Any CPU
		{87BD8D2A-BC4A-40E1-991E-AB258567A6B9}.Debug|x86.ActiveCfg = Debug|Any CPU
		{87BD8D2A-BC4A-40E1-991E-AB258567A6B9}.Debug|x86.Build.0 = Debug|Any CPU
		{87BD8D2A-BC4A-40E1-991E-AB258567A6B9}.DVD-5|Any CPU.ActiveCfg = Debug|Any CPU
		{87BD8D2A-BC4A-40E1-991E-AB258567A6B9}.DVD-5|Any CPU.Build.0 = Debug|Any CPU
		{87BD8D2A-BC4A-40E1-991E-AB258567A6B9}.DVD-5|Mixed Platforms.ActiveCfg = Debug|Any CPU
		{87BD8D2A-BC4A-40E1-991E-AB258567A6B9}.DVD-5|Mixed Platforms.Build.0 = Debug|Any CPU
		{87BD8D2A-BC4A-40E1-991E-AB258567A6B9}.DVD-5|x64.ActiveCfg = Debug|Any CPU
		{87BD8D2A-BC4A-40E1-991E-AB258567A6B9}.DVD-5|x86.ActiveCfg = Debug|Any CPU
		{87BD8D2A-BC4A-40E1-991E-AB258567A6B9}.Release|Any CPU.ActiveCfg = Release|Any CPU
		{87BD8D2A-BC4A-40E1-991E-AB258567A6B9}.Release|Any CPU.Build.0 = Release|Any CPU
		{87BD8D2A-BC4A-40E1-991E-AB258567A6B9}.Release|Mixed Platforms.ActiveCfg = Release|Any CPU
		{87BD8D2A-BC4A-40E1-991E-AB258567A6B9}.Release|Mixed Platforms.Build.0 = Release|Any CPU
		{87BD8D2A-BC4A-40E1-991E-AB258567A6B9}.Release|x64.ActiveCfg = Release|Any CPU
		{87BD8D2A-BC4A-40E1-991E-AB258567A6B9}.Release|x86.ActiveCfg = Release|Any CPU
		{87BD8D2A-BC4A-40E1-991E-AB258567A6B9}.SingleImage|Any CPU.ActiveCfg = Release|Any CPU
		{87BD8D2A-BC4A-40E1-991E-AB258567A6B9}.SingleImage|Any CPU.Build.0 = Release|Any CPU
		{87BD8D2A-BC4A-40E1-991E-AB258567A6B9}.SingleImage|Mixed Platforms.ActiveCfg = Release|Any CPU
		{87BD8D2A-BC4A-40E1-991E-AB258567A6B9}.SingleImage|Mixed Platforms.Build.0 = Release|Any CPU
		{87BD8D2A-BC4A-40E1-991E-AB258567A6B9}.SingleImage|x64.ActiveCfg = Release|Any CPU
		{87BD8D2A-BC4A-40E1-991E-AB258567A6B9}.SingleImage|x86.ActiveCfg = Release|Any CPU
	EndGlobalSection
	GlobalSection(SolutionProperties) = preSolution
		HideSolutionNode = FALSE
	EndGlobalSection
	GlobalSection(NestedProjects) = preSolution
		{2A7FE7EC-F24A-4EED-8724-8EB6C7BC51AB} = {CB1BA422-DF58-4A17-9961-CE7C40430F8F}
		{B6DFBC42-FCCA-480D-9B0A-3CC6AAB386B1} = {2A7FE7EC-F24A-4EED-8724-8EB6C7BC51AB}
		{FF2B04FE-A082-4419-BDC6-76788E7DD732} = {2A7FE7EC-F24A-4EED-8724-8EB6C7BC51AB}
	EndGlobalSection
EndGlobal
